
Microsoft Visual Studio Solution File, Format Version 12.00
# Visual Studio Version 17
VisualStudioVersion = 17.14.36212.18
MinimumVisualStudioVersion = 10.0.40219.1
Project("{2150E333-8FDC-42A3-9474-1A3956D46DE8}") = "src", "src", "{36D591C7-65C7-A0D1-1CBC-10CDE441BDC8}"
EndProject
Project("{2150E333-8FDC-42A3-9474-1A3956D46DE8}") = "tests", "tests", "{403F41EE-355A-4BE9-9A91-DB8549D6C4ED}"
EndProject
Project("{2150E333-8FDC-42A3-9474-1A3956D46DE8}") = "Элементы решения", "Элементы решения", "{754FC069-D67B-A9D7-50A1-8D1CA196D8F1}"
	ProjectSection(SolutionItems) = preProject
		README.md = README.md
	EndProjectSection
EndProject
Project("{FAE04EC0-301F-11D3-BF4B-00C04F79EFBC}") = "ConsoleApp1", "src\ConsoleApp1\ConsoleApp1.csproj", "{19F30232-B2AF-4378-8988-73729BC29391}"
EndProject
Project("{FAE04EC0-301F-11D3-BF4B-00C04F79EFBC}") = "ConsoleApp1.Tests.Story", "tests\ConsoleApp1.Tests.Story\ConsoleApp1.Tests.Story.csproj", "{BFDE6A22-2366-4722-BA86-622B99B44458}"
EndProject
Project("{FAE04EC0-301F-11D3-BF4B-00C04F79EFBC}") = "FrameworkConsoleApp1", "src\FrameworkConsoleApp1\FrameworkConsoleApp1.csproj", "{C40D4C64-E6F9-43CC-87BD-D6D73F151964}"
EndProject
Project("{FAE04EC0-301F-11D3-BF4B-00C04F79EFBC}") = "FrameworkConsoleApp1.Tests.Story", "tests\FrameworkConsoleApp1.Tests.Story\FrameworkConsoleApp1.Tests.Story.csproj", "{86B0D59E-5022-46C5-9342-BBE8E65D1108}"
EndProject
Project("{8BC9CEB8-8B4A-11D0-8D11-00A0C91BC942}") = "ConsoleApplication1", "src\ConsoleApplication1\ConsoleApplication1.vcxproj", "{D6191C21-52AB-4A93-956B-61728646F560}"
EndProject
Project("{8BC9CEB8-8B4A-11D0-8D11-00A0C91BC942}") = "ConsoleApplication1.Tests.Story", "tests\ConsoleApplication1.Tests.Story\ConsoleApplication1.Tests.Story.vcxproj", "{F331F7A0-5BE8-A57A-DFEA-345F64739351}"
EndProject
Global
	GlobalSection(SolutionConfigurationPlatforms) = preSolution
		Debug|Any CPU = Debug|Any CPU
		Debug|x64 = Debug|x64
		Debug|x86 = Debug|x86
		Release|Any CPU = Release|Any CPU
		Release|x64 = Release|x64
		Release|x86 = Release|x86
	EndGlobalSection
	GlobalSection(ProjectConfigurationPlatforms) = postSolution
		{19F30232-B2AF-4378-8988-73729BC29391}.Debug|Any CPU.ActiveCfg = Debug|Any CPU
		{19F30232-B2AF-4378-8988-73729BC29391}.Debug|Any CPU.Build.0 = Debug|Any CPU
		{19F30232-B2AF-4378-8988-73729BC29391}.Debug|x64.ActiveCfg = Debug|Any CPU
		{19F30232-B2AF-4378-8988-73729BC29391}.Debug|x64.Build.0 = Debug|Any CPU
		{19F30232-B2AF-4378-8988-73729BC29391}.Debug|x86.ActiveCfg = Debug|Any CPU
		{19F30232-B2AF-4378-8988-73729BC29391}.Debug|x86.Build.0 = Debug|Any CPU
		{19F30232-B2AF-4378-8988-73729BC29391}.Release|Any CPU.ActiveCfg = Release|Any CPU
		{19F30232-B2AF-4378-8988-73729BC29391}.Release|Any CPU.Build.0 = Release|Any CPU
		{19F30232-B2AF-4378-8988-73729BC29391}.Release|x64.ActiveCfg = Release|Any CPU
		{19F30232-B2AF-4378-8988-73729BC29391}.Release|x64.Build.0 = Release|Any CPU
		{19F30232-B2AF-4378-8988-73729BC29391}.Release|x86.ActiveCfg = Release|Any CPU
		{19F30232-B2AF-4378-8988-73729BC29391}.Release|x86.Build.0 = Release|Any CPU
		{BFDE6A22-2366-4722-BA86-622B99B44458}.Debug|Any CPU.ActiveCfg = Debug|Any CPU
		{BFDE6A22-2366-4722-BA86-622B99B44458}.Debug|Any CPU.Build.0 = Debug|Any CPU
		{BFDE6A22-2366-4722-BA86-622B99B44458}.Debug|x64.ActiveCfg = Debug|Any CPU
		{BFDE6A22-2366-4722-BA86-622B99B44458}.Debug|x64.Build.0 = Debug|Any CPU
		{BFDE6A22-2366-4722-BA86-622B99B44458}.Debug|x86.ActiveCfg = Debug|Any CPU
		{BFDE6A22-2366-4722-BA86-622B99B44458}.Debug|x86.Build.0 = Debug|Any CPU
		{BFDE6A22-2366-4722-BA86-622B99B44458}.Release|Any CPU.ActiveCfg = Release|Any CPU
		{BFDE6A22-2366-4722-BA86-622B99B44458}.Release|Any CPU.Build.0 = Release|Any CPU
		{BFDE6A22-2366-4722-BA86-622B99B44458}.Release|x64.ActiveCfg = Release|Any CPU
		{BFDE6A22-2366-4722-BA86-622B99B44458}.Release|x64.Build.0 = Release|Any CPU
		{BFDE6A22-2366-4722-BA86-622B99B44458}.Release|x86.ActiveCfg = Release|Any CPU
		{BFDE6A22-2366-4722-BA86-622B99B44458}.Release|x86.Build.0 = Release|Any CPU
		{C40D4C64-E6F9-43CC-87BD-D6D73F151964}.Debug|Any CPU.ActiveCfg = Debug|Any CPU
		{C40D4C64-E6F9-43CC-87BD-D6D73F151964}.Debug|Any CPU.Build.0 = Debug|Any CPU
		{C40D4C64-E6F9-43CC-87BD-D6D73F151964}.Debug|x64.ActiveCfg = Debug|Any CPU
		{C40D4C64-E6F9-43CC-87BD-D6D73F151964}.Debug|x64.Build.0 = Debug|Any CPU
		{C40D4C64-E6F9-43CC-87BD-D6D73F151964}.Debug|x86.ActiveCfg = Debug|Any CPU
		{C40D4C64-E6F9-43CC-87BD-D6D73F151964}.Debug|x86.Build.0 = Debug|Any CPU
		{C40D4C64-E6F9-43CC-87BD-D6D73F151964}.Release|Any CPU.ActiveCfg = Release|Any CPU
		{C40D4C64-E6F9-43CC-87BD-D6D73F151964}.Release|Any CPU.Build.0 = Release|Any CPU
		{C40D4C64-E6F9-43CC-87BD-D6D73F151964}.Release|x64.ActiveCfg = Release|Any CPU
		{C40D4C64-E6F9-43CC-87BD-D6D73F151964}.Release|x64.Build.0 = Release|Any CPU
		{C40D4C64-E6F9-43CC-87BD-D6D73F151964}.Release|x86.ActiveCfg = Release|Any CPU
		{C40D4C64-E6F9-43CC-87BD-D6D73F151964}.Release|x86.Build.0 = Release|Any CPU
		{86B0D59E-5022-46C5-9342-BBE8E65D1108}.Debug|Any CPU.ActiveCfg = Debug|Any CPU
		{86B0D59E-5022-46C5-9342-BBE8E65D1108}.Debug|Any CPU.Build.0 = Debug|Any CPU
		{86B0D59E-5022-46C5-9342-BBE8E65D1108}.Debug|x64.ActiveCfg = Debug|Any CPU
		{86B0D59E-5022-46C5-9342-BBE8E65D1108}.Debug|x64.Build.0 = Debug|Any CPU
		{86B0D59E-5022-46C5-9342-BBE8E65D1108}.Debug|x86.ActiveCfg = Debug|Any CPU
		{86B0D59E-5022-46C5-9342-BBE8E65D1108}.Debug|x86.Build.0 = Debug|Any CPU
		{86B0D59E-5022-46C5-9342-BBE8E65D1108}.Release|Any CPU.ActiveCfg = Release|Any CPU
		{86B0D59E-5022-46C5-9342-BBE8E65D1108}.Release|Any CPU.Build.0 = Release|Any CPU
		{86B0D59E-5022-46C5-9342-BBE8E65D1108}.Release|x64.ActiveCfg = Release|Any CPU
		{86B0D59E-5022-46C5-9342-BBE8E65D1108}.Release|x64.Build.0 = Release|Any CPU
		{86B0D59E-5022-46C5-9342-BBE8E65D1108}.Release|x86.ActiveCfg = Release|Any CPU
		{86B0D59E-5022-46C5-9342-BBE8E65D1108}.Release|x86.Build.0 = Release|Any CPU
		{D6191C21-52AB-4A93-956B-61728646F560}.Debug|Any CPU.ActiveCfg = Debug|x64
		{D6191C21-52AB-4A93-956B-61728646F560}.Debug|Any CPU.Build.0 = Debug|x64
		{D6191C21-52AB-4A93-956B-61728646F560}.Debug|x64.ActiveCfg = Debug|x64
		{D6191C21-52AB-4A93-956B-61728646F560}.Debug|x64.Build.0 = Debug|x64
		{D6191C21-52AB-4A93-956B-61728646F560}.Debug|x86.ActiveCfg = Debug|Win32
		{D6191C21-52AB-4A93-956B-61728646F560}.Debug|x86.Build.0 = Debug|Win32
		{D6191C21-52AB-4A93-956B-61728646F560}.Release|Any CPU.ActiveCfg = Release|x64
		{D6191C21-52AB-4A93-956B-61728646F560}.Release|Any CPU.Build.0 = Release|x64
		{D6191C21-52AB-4A93-956B-61728646F560}.Release|x64.ActiveCfg = Release|x64
		{D6191C21-52AB-4A93-956B-61728646F560}.Release|x64.Build.0 = Release|x64
		{D6191C21-52AB-4A93-956B-61728646F560}.Release|x86.ActiveCfg = Release|Win32
		{D6191C21-52AB-4A93-956B-61728646F560}.Release|x86.Build.0 = Release|Win32
		{F331F7A0-5BE8-A57A-DFEA-345F64739351}.Debug|Any CPU.ActiveCfg = Debug|x64
		{F331F7A0-5BE8-A57A-DFEA-345F64739351}.Debug|Any CPU.Build.0 = Debug|x64
		{F331F7A0-5BE8-A57A-DFEA-345F64739351}.Debug|x64.ActiveCfg = Debug|x64
		{F331F7A0-5BE8-A57A-DFEA-345F64739351}.Debug|x64.Build.0 = Debug|x64
		{F331F7A0-5BE8-A57A-DFEA-345F64739351}.Debug|x86.ActiveCfg = Debug|Win32
		{F331F7A0-5BE8-A57A-DFEA-345F64739351}.Debug|x86.Build.0 = Debug|Win32
		{F331F7A0-5BE8-A57A-DFEA-345F64739351}.Release|Any CPU.ActiveCfg = Release|x64
		{F331F7A0-5BE8-A57A-DFEA-345F64739351}.Release|Any CPU.Build.0 = Release|x64
		{F331F7A0-5BE8-A57A-DFEA-345F64739351}.Release|x64.ActiveCfg = Release|x64
		{F331F7A0-5BE8-A57A-DFEA-345F64739351}.Release|x64.Build.0 = Release|x64
		{F331F7A0-5BE8-A57A-DFEA-345F64739351}.Release|x86.ActiveCfg = Release|Win32
		{F331F7A0-5BE8-A57A-DFEA-345F64739351}.Release|x86.Build.0 = Release|Win32
	EndGlobalSection
	GlobalSection(SolutionProperties) = preSolution
		HideSolutionNode = FALSE
	EndGlobalSection
	GlobalSection(NestedProjects) = preSolution
		{19F30232-B2AF-4378-8988-73729BC29391} = {36D591C7-65C7-A0D1-1CBC-10CDE441BDC8}
		{BFDE6A22-2366-4722-BA86-622B99B44458} = {403F41EE-355A-4BE9-9A91-DB8549D6C4ED}
		{C40D4C64-E6F9-43CC-87BD-D6D73F151964} = {36D591C7-65C7-A0D1-1CBC-10CDE441BDC8}
		{86B0D59E-5022-46C5-9342-BBE8E65D1108} = {403F41EE-355A-4BE9-9A91-DB8549D6C4ED}
		{D6191C21-52AB-4A93-956B-61728646F560} = {36D591C7-65C7-A0D1-1CBC-10CDE441BDC8}
		{F331F7A0-5BE8-A57A-DFEA-345F64739351} = {403F41EE-355A-4BE9-9A91-DB8549D6C4ED}
	EndGlobalSection
	GlobalSection(ExtensibilityGlobals) = postSolution
		SolutionGuid = {695F6A87-ED64-4756-90E0-09FA920E7382}
	EndGlobalSection
EndGlobal
